
Microsoft Visual Studio Solution File, Format Version 12.00
# Visual Studio Version 16
VisualStudioVersion = 16.0.30413.136
MinimumVisualStudioVersion = 10.0.40219.1
Project("{9A19103F-16F7-4668-BE54-9A1E7A4F7556}") = "Lab_1", "Lab_1\Lab_1.csproj", "{AF1BADBB-C00C-4526-9795-1AE21788D008}"
EndProject
Project("{9A19103F-16F7-4668-BE54-9A1E7A4F7556}") = "Lab_2", "Lab_2\Lab_2.csproj", "{751A0C49-2140-4FF5-BCE1-ACF638B544DC}"
EndProject
Project("{9A19103F-16F7-4668-BE54-9A1E7A4F7556}") = "Lab_3", "Lab_3\Lab_3.csproj", "{D5AE3776-FB76-4813-BD41-A62ACE89699B}"
EndProject
Project("{9A19103F-16F7-4668-BE54-9A1E7A4F7556}") = "Lab_3_Tests", "Lab_3_Tests\Lab_3_Tests.csproj", "{5C8B0D69-5CE9-4EEA-987D-5443BB94915F}"
EndProject
Project("{9A19103F-16F7-4668-BE54-9A1E7A4F7556}") = "Lab_4", "Lab_4\Lab_4.csproj", "{5B359618-3A53-4184-BC73-FCB2AC4A02A9}"
EndProject
Project("{9A19103F-16F7-4668-BE54-9A1E7A4F7556}") = "Lab_5", "Lab_5\Lab_5.csproj", "{A9052228-4065-4147-A132-1DFE1A6C9964}"
EndProject
Project("{9A19103F-16F7-4668-BE54-9A1E7A4F7556}") = "Zalik_v5_ZVP", "Zalik_v5_ZVP\Zalik_v5_ZVP.csproj", "{B0C10DC2-D51C-43E4-AF8E-8CDE3EE61D09}"
EndProject
Project("{FAE04EC0-301F-11D3-BF4B-00C04F79EFBC}") = "Lab_2_New", "Lab_2_New\Lab_2_New.csproj", "{EAF0B4C8-1818-4D35-8168-2D6252FD54F7}"
EndProject
Project("{FAE04EC0-301F-11D3-BF4B-00C04F79EFBC}") = "Lab_2_New_Task2", "Lab_2_New_Task2\Lab_2_New_Task2.csproj", "{61F928AC-BEAB-4EB9-89F9-5EAF88622C6D}"
EndProject
Project("{FAE04EC0-301F-11D3-BF4B-00C04F79EFBC}") = "Lab_1_New_Individual_v7", "Lab_1_New_Individual_v7\Lab_1_New_Individual_v7.csproj", "{60592544-2850-4CDB-A41C-4807F6B56AEC}"
EndProject
Project("{FAE04EC0-301F-11D3-BF4B-00C04F79EFBC}") = "Lab_1_New", "Lab_1_New\Lab_1_New.csproj", "{153A3696-EA0E-416A-AB64-FDB463321DB9}"
EndProject
Project("{FAE04EC0-301F-11D3-BF4B-00C04F79EFBC}") = "Lab_1_New_2", "Lab_1_New_2\Lab_1_New_2.csproj", "{E8CE73BC-CAAD-4AFF-886D-06DC63E91768}"
EndProject
Project("{FAE04EC0-301F-11D3-BF4B-00C04F79EFBC}") = "WіnQuestіon.", "WіnQuestіon\WіnQuestіon..csproj", "{E5905346-8CD4-4EB5-9FCC-E06467EF8FF0}"
EndProject
Project("{FAE04EC0-301F-11D3-BF4B-00C04F79EFBC}") = "TestList", "TestList\TestList.csproj", "{A1610C52-9735-4268-8137-E3B6BC3DDB7E}"
EndProject
Project("{FAE04EC0-301F-11D3-BF4B-00C04F79EFBC}") = "MdіApplіcatіon", "MdіApplіcatіon\MdіApplіcatіon.csproj", "{C64F8426-41F5-4589-980C-C3135FFFBFFD}"
EndProject
Project("{FAE04EC0-301F-11D3-BF4B-00C04F79EFBC}") = "WinContainer", "WinContainer\WinContainer.csproj", "{EE88D23A-1505-4804-8A9F-C941EA60307F}"
EndProject
Project("{FAE04EC0-301F-11D3-BF4B-00C04F79EFBC}") = "WinLinkLabel", "WinLinkLabel\WinLinkLabel.csproj", "{6087063B-4E79-4726-964F-329703EE3F11}"
EndProject
Project("{FAE04EC0-301F-11D3-BF4B-00C04F79EFBC}") = "RegistrationForm", "RegistrationForm\RegistrationForm.csproj", "{F664E56B-6B21-4445-BEE4-99D26ABA634B}"
EndProject
Project("{2150E333-8FDC-42A3-9474-1A3956D46DE8}") = "Lab_2_New_Tasks", "Lab_2_New_Tasks", "{5DF036BA-CB39-40B7-AED4-D9CCBA3CEE2C}"
EndProject
Project("{FAE04EC0-301F-11D3-BF4B-00C04F79EFBC}") = "SharpWasher", "SharpWasher\SharpWasher.csproj", "{A58B443E-5BBD-4FA0-AE0C-246DAE6BBE7F}"
EndProject
Project("{FAE04EC0-301F-11D3-BF4B-00C04F79EFBC}") = "Task2", "Task2\Task2.csproj", "{DCED96DC-15F2-4957-BFC5-BAA3F9E51AB6}"
EndProject
Project("{FAE04EC0-301F-11D3-BF4B-00C04F79EFBC}") = "Task3", "Task3\Task3.csproj", "{B5435D66-E519-48C5-A335-8BB8C374D116}"
EndProject
Global
	GlobalSection(SolutionConfigurationPlatforms) = preSolution
		Debug|Any CPU = Debug|Any CPU
		Release|Any CPU = Release|Any CPU
	EndGlobalSection
	GlobalSection(ProjectConfigurationPlatforms) = postSolution
		{AF1BADBB-C00C-4526-9795-1AE21788D008}.Debug|Any CPU.ActiveCfg = Debug|Any CPU
		{AF1BADBB-C00C-4526-9795-1AE21788D008}.Debug|Any CPU.Build.0 = Debug|Any CPU
		{AF1BADBB-C00C-4526-9795-1AE21788D008}.Release|Any CPU.ActiveCfg = Release|Any CPU
		{AF1BADBB-C00C-4526-9795-1AE21788D008}.Release|Any CPU.Build.0 = Release|Any CPU
		{751A0C49-2140-4FF5-BCE1-ACF638B544DC}.Debug|Any CPU.ActiveCfg = Debug|Any CPU
		{751A0C49-2140-4FF5-BCE1-ACF638B544DC}.Debug|Any CPU.Build.0 = Debug|Any CPU
		{751A0C49-2140-4FF5-BCE1-ACF638B544DC}.Release|Any CPU.ActiveCfg = Release|Any CPU
		{751A0C49-2140-4FF5-BCE1-ACF638B544DC}.Release|Any CPU.Build.0 = Release|Any CPU
		{D5AE3776-FB76-4813-BD41-A62ACE89699B}.Debug|Any CPU.ActiveCfg = Debug|Any CPU
		{D5AE3776-FB76-4813-BD41-A62ACE89699B}.Debug|Any CPU.Build.0 = Debug|Any CPU
		{D5AE3776-FB76-4813-BD41-A62ACE89699B}.Release|Any CPU.ActiveCfg = Release|Any CPU
		{D5AE3776-FB76-4813-BD41-A62ACE89699B}.Release|Any CPU.Build.0 = Release|Any CPU
		{5C8B0D69-5CE9-4EEA-987D-5443BB94915F}.Debug|Any CPU.ActiveCfg = Debug|Any CPU
		{5C8B0D69-5CE9-4EEA-987D-5443BB94915F}.Debug|Any CPU.Build.0 = Debug|Any CPU
		{5C8B0D69-5CE9-4EEA-987D-5443BB94915F}.Release|Any CPU.ActiveCfg = Release|Any CPU
		{5C8B0D69-5CE9-4EEA-987D-5443BB94915F}.Release|Any CPU.Build.0 = Release|Any CPU
		{5B359618-3A53-4184-BC73-FCB2AC4A02A9}.Debug|Any CPU.ActiveCfg = Debug|Any CPU
		{5B359618-3A53-4184-BC73-FCB2AC4A02A9}.Debug|Any CPU.Build.0 = Debug|Any CPU
		{5B359618-3A53-4184-BC73-FCB2AC4A02A9}.Release|Any CPU.ActiveCfg = Release|Any CPU
		{5B359618-3A53-4184-BC73-FCB2AC4A02A9}.Release|Any CPU.Build.0 = Release|Any CPU
		{A9052228-4065-4147-A132-1DFE1A6C9964}.Debug|Any CPU.ActiveCfg = Debug|Any CPU
		{A9052228-4065-4147-A132-1DFE1A6C9964}.Debug|Any CPU.Build.0 = Debug|Any CPU
		{A9052228-4065-4147-A132-1DFE1A6C9964}.Release|Any CPU.ActiveCfg = Release|Any CPU
		{A9052228-4065-4147-A132-1DFE1A6C9964}.Release|Any CPU.Build.0 = Release|Any CPU
		{B0C10DC2-D51C-43E4-AF8E-8CDE3EE61D09}.Debug|Any CPU.ActiveCfg = Debug|Any CPU
		{B0C10DC2-D51C-43E4-AF8E-8CDE3EE61D09}.Debug|Any CPU.Build.0 = Debug|Any CPU
		{B0C10DC2-D51C-43E4-AF8E-8CDE3EE61D09}.Release|Any CPU.ActiveCfg = Release|Any CPU
		{B0C10DC2-D51C-43E4-AF8E-8CDE3EE61D09}.Release|Any CPU.Build.0 = Release|Any CPU
		{EAF0B4C8-1818-4D35-8168-2D6252FD54F7}.Debug|Any CPU.ActiveCfg = Debug|Any CPU
		{EAF0B4C8-1818-4D35-8168-2D6252FD54F7}.Debug|Any CPU.Build.0 = Debug|Any CPU
		{EAF0B4C8-1818-4D35-8168-2D6252FD54F7}.Release|Any CPU.ActiveCfg = Release|Any CPU
		{EAF0B4C8-1818-4D35-8168-2D6252FD54F7}.Release|Any CPU.Build.0 = Release|Any CPU
		{61F928AC-BEAB-4EB9-89F9-5EAF88622C6D}.Debug|Any CPU.ActiveCfg = Debug|Any CPU
		{61F928AC-BEAB-4EB9-89F9-5EAF88622C6D}.Debug|Any CPU.Build.0 = Debug|Any CPU
		{61F928AC-BEAB-4EB9-89F9-5EAF88622C6D}.Release|Any CPU.ActiveCfg = Release|Any CPU
		{61F928AC-BEAB-4EB9-89F9-5EAF88622C6D}.Release|Any CPU.Build.0 = Release|Any CPU
		{60592544-2850-4CDB-A41C-4807F6B56AEC}.Debug|Any CPU.ActiveCfg = Debug|Any CPU
		{60592544-2850-4CDB-A41C-4807F6B56AEC}.Debug|Any CPU.Build.0 = Debug|Any CPU
		{60592544-2850-4CDB-A41C-4807F6B56AEC}.Release|Any CPU.ActiveCfg = Release|Any CPU
		{60592544-2850-4CDB-A41C-4807F6B56AEC}.Release|Any CPU.Build.0 = Release|Any CPU
		{153A3696-EA0E-416A-AB64-FDB463321DB9}.Debug|Any CPU.ActiveCfg = Debug|Any CPU
		{153A3696-EA0E-416A-AB64-FDB463321DB9}.Debug|Any CPU.Build.0 = Debug|Any CPU
		{153A3696-EA0E-416A-AB64-FDB463321DB9}.Release|Any CPU.ActiveCfg = Release|Any CPU
		{153A3696-EA0E-416A-AB64-FDB463321DB9}.Release|Any CPU.Build.0 = Release|Any CPU
		{E8CE73BC-CAAD-4AFF-886D-06DC63E91768}.Debug|Any CPU.ActiveCfg = Debug|Any CPU
		{E8CE73BC-CAAD-4AFF-886D-06DC63E91768}.Debug|Any CPU.Build.0 = Debug|Any CPU
		{E8CE73BC-CAAD-4AFF-886D-06DC63E91768}.Release|Any CPU.ActiveCfg = Release|Any CPU
		{E8CE73BC-CAAD-4AFF-886D-06DC63E91768}.Release|Any CPU.Build.0 = Release|Any CPU
		{E5905346-8CD4-4EB5-9FCC-E06467EF8FF0}.Debug|Any CPU.ActiveCfg = Debug|Any CPU
		{E5905346-8CD4-4EB5-9FCC-E06467EF8FF0}.Debug|Any CPU.Build.0 = Debug|Any CPU
		{E5905346-8CD4-4EB5-9FCC-E06467EF8FF0}.Release|Any CPU.ActiveCfg = Release|Any CPU
		{E5905346-8CD4-4EB5-9FCC-E06467EF8FF0}.Release|Any CPU.Build.0 = Release|Any CPU
		{A1610C52-9735-4268-8137-E3B6BC3DDB7E}.Debug|Any CPU.ActiveCfg = Debug|Any CPU
		{A1610C52-9735-4268-8137-E3B6BC3DDB7E}.Debug|Any CPU.Build.0 = Debug|Any CPU
		{A1610C52-9735-4268-8137-E3B6BC3DDB7E}.Release|Any CPU.ActiveCfg = Release|Any CPU
		{A1610C52-9735-4268-8137-E3B6BC3DDB7E}.Release|Any CPU.Build.0 = Release|Any CPU
		{C64F8426-41F5-4589-980C-C3135FFFBFFD}.Debug|Any CPU.ActiveCfg = Debug|Any CPU
		{C64F8426-41F5-4589-980C-C3135FFFBFFD}.Debug|Any CPU.Build.0 = Debug|Any CPU
		{C64F8426-41F5-4589-980C-C3135FFFBFFD}.Release|Any CPU.ActiveCfg = Release|Any CPU
		{C64F8426-41F5-4589-980C-C3135FFFBFFD}.Release|Any CPU.Build.0 = Release|Any CPU
		{EE88D23A-1505-4804-8A9F-C941EA60307F}.Debug|Any CPU.ActiveCfg = Debug|Any CPU
		{EE88D23A-1505-4804-8A9F-C941EA60307F}.Debug|Any CPU.Build.0 = Debug|Any CPU
		{EE88D23A-1505-4804-8A9F-C941EA60307F}.Release|Any CPU.ActiveCfg = Release|Any CPU
		{EE88D23A-1505-4804-8A9F-C941EA60307F}.Release|Any CPU.Build.0 = Release|Any CPU
		{6087063B-4E79-4726-964F-329703EE3F11}.Debug|Any CPU.ActiveCfg = Debug|Any CPU
		{6087063B-4E79-4726-964F-329703EE3F11}.Debug|Any CPU.Build.0 = Debug|Any CPU
		{6087063B-4E79-4726-964F-329703EE3F11}.Release|Any CPU.ActiveCfg = Release|Any CPU
		{6087063B-4E79-4726-964F-329703EE3F11}.Release|Any CPU.Build.0 = Release|Any CPU
		{F664E56B-6B21-4445-BEE4-99D26ABA634B}.Debug|Any CPU.ActiveCfg = Debug|Any CPU
		{F664E56B-6B21-4445-BEE4-99D26ABA634B}.Debug|Any CPU.Build.0 = Debug|Any CPU
		{F664E56B-6B21-4445-BEE4-99D26ABA634B}.Release|Any CPU.ActiveCfg = Release|Any CPU
		{F664E56B-6B21-4445-BEE4-99D26ABA634B}.Release|Any CPU.Build.0 = Release|Any CPU
		{A58B443E-5BBD-4FA0-AE0C-246DAE6BBE7F}.Debug|Any CPU.ActiveCfg = Debug|Any CPU
		{A58B443E-5BBD-4FA0-AE0C-246DAE6BBE7F}.Debug|Any CPU.Build.0 = Debug|Any CPU
		{A58B443E-5BBD-4FA0-AE0C-246DAE6BBE7F}.Release|Any CPU.ActiveCfg = Release|Any CPU
		{A58B443E-5BBD-4FA0-AE0C-246DAE6BBE7F}.Release|Any CPU.Build.0 = Release|Any CPU
		{DCED96DC-15F2-4957-BFC5-BAA3F9E51AB6}.Debug|Any CPU.ActiveCfg = Debug|Any CPU
		{DCED96DC-15F2-4957-BFC5-BAA3F9E51AB6}.Debug|Any CPU.Build.0 = Debug|Any CPU
		{DCED96DC-15F2-4957-BFC5-BAA3F9E51AB6}.Release|Any CPU.ActiveCfg = Release|Any CPU
		{DCED96DC-15F2-4957-BFC5-BAA3F9E51AB6}.Release|Any CPU.Build.0 = Release|Any CPU
		{B5435D66-E519-48C5-A335-8BB8C374D116}.Debug|Any CPU.ActiveCfg = Debug|Any CPU
		{B5435D66-E519-48C5-A335-8BB8C374D116}.Debug|Any CPU.Build.0 = Debug|Any CPU
		{B5435D66-E519-48C5-A335-8BB8C374D116}.Release|Any CPU.ActiveCfg = Release|Any CPU
		{B5435D66-E519-48C5-A335-8BB8C374D116}.Release|Any CPU.Build.0 = Release|Any CPU
	EndGlobalSection
	GlobalSection(SolutionProperties) = preSolution
		HideSolutionNode = FALSE
	EndGlobalSection
	GlobalSection(ExtensibilityGlobals) = postSolution
		SolutionGuid = {406942D3-0CCF-47E0-8343-A779C63C32D4}
	EndGlobalSection
	GlobalSection(NestedProjects) = preSolution
		{A58B443E-5BBD-4FA0-AE0C-246DAE6BBE7F} = {5DF036BA-CB39-40B7-AED4-D9CCBA3CEE2C}
		{DCED96DC-15F2-4957-BFC5-BAA3F9E51AB6} = {5DF036BA-CB39-40B7-AED4-D9CCBA3CEE2C}
		{B5435D66-E519-48C5-A335-8BB8C374D116} = {5DF036BA-CB39-40B7-AED4-D9CCBA3CEE2C}
	EndGlobalSection
EndGlobal
